{
  "name": "aprixbot",
  "version": "1.0.0",
  "lockfileVersion": 1,
  "requires": true,
  "dependencies": {
    "at-least-node": {
      "version": "1.0.0",
      "resolved": "https://registry.npmjs.org/at-least-node/-/at-least-node-1.0.0.tgz",
      "integrity": "sha512-+q/t7Ekv1EDY2l6Gda6LLiX14rU9TV20Wa3ofeQmwPFZbOMo9DXrLbOjFaaclkXKWidIaopwAObQDqwWtGUjqg=="
    },
    "bancho.js": {
      "version": "0.10.0-rc.4",
      "resolved": "https://registry.npmjs.org/bancho.js/-/bancho.js-0.10.0-rc.4.tgz",
      "integrity": "sha512-UcM2cMnq5JjYNvpELk2zQlsOMf0zafqbXoR1/G3UbNDBkXJNzjuG9yS43Qj9IFXoZpoYqlc7xlC8MfeRyUulvA==",
      "requires": {
        "nodesu": "^0.7.2"
      }
    },
    "collections": {
      "version": "5.1.12",
      "resolved": "https://registry.npmjs.org/collections/-/collections-5.1.12.tgz",
      "integrity": "sha512-7WV0gdGlQFHjB//+/5JW4CdMnOlf7fWMMeM3EWvuao7RbK0MeFS01bZOgWmIH5DHDejSutf455QUZ56ZjjROXw==",
      "requires": {
        "weak-map": "~1.0.x"
      }
    },
    "fs-extra": {
      "version": "9.1.0",
      "resolved": "https://registry.npmjs.org/fs-extra/-/fs-extra-9.1.0.tgz",
      "integrity": "sha512-hcg3ZmepS30/7BSFqRvoo3DOMQu7IjqxO5nCDt+zM9XWjb33Wg7ziNT+Qvqbuc3+gWpzO02JubVyk2G4Zvo1OQ==",
      "requires": {
        "at-least-node": "^1.0.0",
        "graceful-fs": "^4.2.0",
        "jsonfile": "^6.0.1",
        "universalify": "^2.0.0"
      }
    },
    "graceful-fs": {
      "version": "4.2.6",
      "resolved": "https://registry.npmjs.org/graceful-fs/-/graceful-fs-4.2.6.tgz",
      "integrity": "sha512-nTnJ528pbqxYanhpDYsi4Rd8MAeaBA67+RZ10CM1m3bTAVFEDcd5AuA4a6W5YkGZ1iNXHzZz8T6TBKLeBuNriQ=="
    },
    "jsonfile": {
      "version": "6.1.0",
      "resolved": "https://registry.npmjs.org/jsonfile/-/jsonfile-6.1.0.tgz",
      "integrity": "sha512-5dgndWOriYSm5cnYaJNhalLNDKOqFwyDB/rr1E9ZsGciGvKPs8R2xYGCacuf3z6K1YKDz182fd+fY3cn3pMqXQ==",
      "requires": {
        "graceful-fs": "^4.1.6",
        "universalify": "^2.0.0"
      }
    },
    "limiter": {
      "version": "1.1.5",
      "resolved": "https://registry.npmjs.org/limiter/-/limiter-1.1.5.tgz",
      "integrity": "sha512-FWWMIEOxz3GwUI4Ts/IvgVy6LPvoMPgjMdQ185nN6psJyBJ4yOpzqm695/h5umdLJg2vW3GR5iG11MAkR2AzJA=="
    },
    "nodesu": {
      "version": "0.7.2",
      "resolved": "https://registry.npmjs.org/nodesu/-/nodesu-0.7.2.tgz",
      "integrity": "sha512-RF7jzM51vyd8ocArfmnnqqlCz/XS7EujSrdL+N/685XWwSN1nhUZxrgxLZ260CMrX03ThoAaMAH2pqQZOt1EbA==",
      "requires": {
        "limiter": "^1.1.0"
      }
    },
    "universalify": {
      "version": "2.0.0",
      "resolved": "https://registry.npmjs.org/universalify/-/universalify-2.0.0.tgz",
      "integrity": "sha512-hAZsKq7Yy11Zu1DE0OzWjw7nnLZmJZYTDZZyEFHZdUhV8FkH5MCfoU1XMaxXovpyW5nq5scPqq0ZDP9Zyl04oQ=="
    },
    "weak-map": {
      "version": "1.0.5",
      "resolved": "https://registry.npmjs.org/weak-map/-/weak-map-1.0.5.tgz",
      "integrity": "sha1-eWkVhNmGB/UHC9O3CkDmuyLkAes="
    }
  }
}
